
Microsoft Visual Studio Solution File, Format Version 12.00
# Visual Studio 15
VisualStudioVersion = 15.0.28307.271
MinimumVisualStudioVersion = 10.0.40219.1
Project("{FAE04EC0-301F-11D3-BF4B-00C04F79EFBC}") = "LED", "LED\LED.csproj", "{C656902C-E361-4FB4-BA8B-D024FE208E90}"
EndProject
Global
	GlobalSection(SolutionConfigurationPlatforms) = preSolution
		Debug|Any CPU = Debug|Any CPU
		Release|Any CPU = Release|Any CPU
	EndGlobalSection
	GlobalSection(ProjectConfigurationPlatforms) = postSolution
		{C656902C-E361-4FB4-BA8B-D024FE208E90}.Debug|Any CPU.ActiveCfg = Debug|Any CPU
		{C656902C-E361-4FB4-BA8B-D024FE208E90}.Debug|Any CPU.Build.0 = Debug|Any CPU
		{C656902C-E361-4FB4-BA8B-D024FE208E90}.Release|Any CPU.ActiveCfg = Release|Any CPU
		{C656902C-E361-4FB4-BA8B-D024FE208E90}.Release|Any CPU.Build.0 = Release|Any CPU
	EndGlobalSection
	GlobalSection(SolutionProperties) = preSolution
		HideSolutionNode = FALSE
	EndGlobalSection
	GlobalSection(ExtensibilityGlobals) = postSolution
		SolutionGuid = {4EF85347-DD23-454D-B2A4-EB1B06F33CE3}
	EndGlobalSection
EndGlobal
